{
  "name": "zest",
  "lockfileVersion": 3,
  "requires": true,
  "packages": {
    "": {
      "devDependencies": {
        "@j178/prek": "^0.3.11",
        "prettier": "^3.8.3"
      }
    },
    "madlib_modules/spirit-gum": {
      "extraneous": true,
      "dependencies": {
        "@j178/prek": "^0.3.10"
      }
    },
    "node_modules/@j178/prek": {
      "version": "0.3.11",
      "resolved": "https://registry.npmjs.org/@j178/prek/-/prek-0.3.11.tgz",
      "integrity": "sha512-HGjXIKnbjuvXGzZ/Z0oNGbgXx3GBrmWiuVASxey4IY/qkMTd348dfi3CO1v/F0a+s2DH6/zIBozLmwbDFxwjFA==",
      "dev": true,
      "license": "MIT",
      "bin": {
        "prek": "bin/prek.js"
      },
      "engines": {
        "node": ">=18"
      },
      "optionalDependencies": {
        "@j178/prek-android-arm64": "0.3.11",
        "@j178/prek-darwin-arm64": "0.3.11",
        "@j178/prek-darwin-x64": "0.3.11",
        "@j178/prek-linux-arm-gnueabihf": "0.3.11",
        "@j178/prek-linux-arm-musleabihf": "0.3.11",
        "@j178/prek-linux-arm64-gnu": "0.3.11",
        "@j178/prek-linux-arm64-musl": "0.3.11",
        "@j178/prek-linux-armv7-musleabihf": "0.3.11",
        "@j178/prek-linux-ia32-gnu": "0.3.11",
        "@j178/prek-linux-ia32-musl": "0.3.11",
        "@j178/prek-linux-riscv64-gnu": "0.3.11",
        "@j178/prek-linux-s390x-gnu": "0.3.11",
        "@j178/prek-linux-x64-gnu": "0.3.11",
        "@j178/prek-linux-x64-musl": "0.3.11",
        "@j178/prek-win32-arm64-msvc": "0.3.11",
        "@j178/prek-win32-ia32-msvc": "0.3.11",
        "@j178/prek-win32-x64-msvc": "0.3.11"
      }
    },
    "node_modules/@j178/prek-android-arm64": {
      "version": "0.3.11",
      "resolved": "https://registry.npmjs.org/@j178/prek-android-arm64/-/prek-android-arm64-0.3.11.tgz",
      "integrity": "sha512-70c6b4g5/LKKYk0fFD2jU0i9cg8akglY2kY2c7vhJi50WbS8DP+yzlEZU+yyWInJRec6UKWjR1SUdlVm62WkRQ==",
      "cpu": [
        "arm64"
      ],
      "dev": true,
      "license": "MIT",
      "optional": true,
      "os": [
        "android"
      ],
      "engines": {
        "node": ">=18"
      }
    },
    "node_modules/@j178/prek-darwin-arm64": {
      "version": "0.3.11",
      "cpu": [
        "arm64"
      ],
      "dev": true,
      "license": "MIT",
      "optional": true,
      "os": [
        "darwin"
      ],
      "engines": {
        "node": ">=18"
      }
    },
    "node_modules/@j178/prek-darwin-x64": {
      "version": "0.3.11",
      "resolved": "https://registry.npmjs.org/@j178/prek-darwin-x64/-/prek-darwin-x64-0.3.11.tgz",
      "integrity": "sha512-D5zgmCloI3J7rHVAbKYAKY4MgXlHYjItRHAIQLTzreGRaNneyeUn6XMru8lL+WJjJvZuq6dICkMovS8YOWVZfw==",
      "cpu": [
        "x64"
      ],
      "dev": true,
      "license": "MIT",
      "optional": true,
      "os": [
        "darwin"
      ],
      "engines": {
        "node": ">=18"
      }
    },
    "node_modules/@j178/prek-linux-arm-gnueabihf": {
      "version": "0.3.11",
      "resolved": "https://registry.npmjs.org/@j178/prek-linux-arm-gnueabihf/-/prek-linux-arm-gnueabihf-0.3.11.tgz",
      "integrity": "sha512-PHEcTuZmFBNH/nL+Rnhj4ruGnWGH+EESTylSENBE+/eSt3mTu2SOHMVIcgH2cjflY4kQ3dPrQQiZO4TV7RBeRA==",
      "cpu": [
        "arm"
      ],
      "dev": true,
      "libc": [
        "glibc"
      ],
      "license": "MIT",
      "optional": true,
      "os": [
        "linux"
      ],
      "engines": {
        "node": ">=18"
      }
    },
    "node_modules/@j178/prek-linux-arm-musleabihf": {
      "version": "0.3.11",
      "resolved": "https://registry.npmjs.org/@j178/prek-linux-arm-musleabihf/-/prek-linux-arm-musleabihf-0.3.11.tgz",
      "integrity": "sha512-I+sGvyNpuLVppLcdb0dcqnzcFfwgHanMRQ/eXyElBSKQKj9EG8tDtRXxiSK4Kk2ABs4VWAQxjPW4T+MWcHlcng==",
      "cpu": [
        "arm"
      ],
      "dev": true,
      "libc": [
        "musl"
      ],
      "license": "MIT",
      "optional": true,
      "os": [
        "linux"
      ],
      "engines": {
        "node": ">=18"
      }
    },
    "node_modules/@j178/prek-linux-arm64-gnu": {
      "version": "0.3.11",
      "resolved": "https://registry.npmjs.org/@j178/prek-linux-arm64-gnu/-/prek-linux-arm64-gnu-0.3.11.tgz",
      "integrity": "sha512-q8nXpvz6e31UMmi0KRmDdQaQn+5ayeBU5xGv0+cXLREYYkJrnuHsehKuU1+IYL70bA43HDe8nkZykGrMEcvNFQ==",
      "cpu": [
        "arm64"
      ],
      "dev": true,
      "libc": [
        "glibc"
      ],
      "license": "MIT",
      "optional": true,
      "os": [
        "linux"
      ],
      "engines": {
        "node": ">=18"
      }
    },
    "node_modules/@j178/prek-linux-arm64-musl": {
      "version": "0.3.11",
      "resolved": "https://registry.npmjs.org/@j178/prek-linux-arm64-musl/-/prek-linux-arm64-musl-0.3.11.tgz",
      "integrity": "sha512-k+FVgpx9dbopRCRQ331GgClfk1mfxTG/JZ5nDKtilhFnZOFv7dhqlRBYb3kFGtq9RjyqSm1V4lRBG+o7FSjioQ==",
      "cpu": [
        "arm64"
      ],
      "dev": true,
      "libc": [
        "musl"
      ],
      "license": "MIT",
      "optional": true,
      "os": [
        "linux"
      ],
      "engines": {
        "node": ">=18"
      }
    },
    "node_modules/@j178/prek-linux-armv7-musleabihf": {
      "version": "0.3.11",
      "resolved": "https://registry.npmjs.org/@j178/prek-linux-armv7-musleabihf/-/prek-linux-armv7-musleabihf-0.3.11.tgz",
      "integrity": "sha512-lNZPkG4zdzP60PAGPK6sax9ReWiTyTh0bFkLK2P2jqTjcASL2j/t+YUiQ0omcKZLiGjDZNgvPLcifqA5EyKlcA==",
      "cpu": [
        "arm"
      ],
      "dev": true,
      "libc": [
        "musl"
      ],
      "license": "MIT",
      "optional": true,
      "os": [
        "linux"
      ],
      "engines": {
        "node": ">=18"
      }
    },
    "node_modules/@j178/prek-linux-ia32-gnu": {
      "version": "0.3.11",
      "resolved": "https://registry.npmjs.org/@j178/prek-linux-ia32-gnu/-/prek-linux-ia32-gnu-0.3.11.tgz",
      "integrity": "sha512-f/lZyp85jV7i/wzZSsOIMGbbwPvBN4OXQQd5HnX9F478O2OpbQZ/AkCbgTfM0edFSoA+9iyDqplj6vSQPXdHNQ==",
      "cpu": [
        "ia32"
      ],
      "dev": true,
      "libc": [
        "glibc"
      ],
      "license": "MIT",
      "optional": true,
      "os": [
        "linux"
      ],
      "engines": {
        "node": ">=18"
      }
    },
    "node_modules/@j178/prek-linux-ia32-musl": {
      "version": "0.3.11",
      "resolved": "https://registry.npmjs.org/@j178/prek-linux-ia32-musl/-/prek-linux-ia32-musl-0.3.11.tgz",
      "integrity": "sha512-W5yWFoS5Bag3jxCwhFs1INc6vHaTXxFZAk+V9EhFlksfkC21iCKyOIO5X276ZR9qVtJUkqZKrwfxyobDIFNXIQ==",
      "cpu": [
        "ia32"
      ],
      "dev": true,
      "libc": [
        "musl"
      ],
      "license": "MIT",
      "optional": true,
      "os": [
        "linux"
      ],
      "engines": {
        "node": ">=18"
      }
    },
    "node_modules/@j178/prek-linux-riscv64-gnu": {
      "version": "0.3.11",
      "resolved": "https://registry.npmjs.org/@j178/prek-linux-riscv64-gnu/-/prek-linux-riscv64-gnu-0.3.11.tgz",
      "integrity": "sha512-pcepsxYrtKtKlIgH5J6XGbBHPnGdQnBHFqND7tVrNbKoxRzrcmORRA42SLG4TfIUccPgBgojsE/JbMeYdiqxJg==",
      "cpu": [
        "riscv64"
      ],
      "dev": true,
      "libc": [
        "glibc"
      ],
      "license": "MIT",
      "optional": true,
      "os": [
        "linux"
      ],
      "engines": {
        "node": ">=18"
      }
    },
    "node_modules/@j178/prek-linux-s390x-gnu": {
      "version": "0.3.11",
      "resolved": "https://registry.npmjs.org/@j178/prek-linux-s390x-gnu/-/prek-linux-s390x-gnu-0.3.11.tgz",
      "integrity": "sha512-n6u9kK9D9NvV5G1ZIDCWj8gPnifsTot8hlDTn1uwWt1R6SkWa/s4FUTJ7tYn6/h9gEATKDYoElF1CBaHrmA6Pw==",
      "cpu": [
        "s390x"
      ],
      "dev": true,
      "libc": [
        "glibc"
      ],
      "license": "MIT",
      "optional": true,
      "os": [
        "linux"
      ],
      "engines": {
        "node": ">=18"
      }
    },
    "node_modules/@j178/prek-linux-x64-gnu": {
      "version": "0.3.11",
      "resolved": "https://registry.npmjs.org/@j178/prek-linux-x64-gnu/-/prek-linux-x64-gnu-0.3.11.tgz",
      "integrity": "sha512-y59tjFAsmR8bYLYKVfOV8zFdvvsS4nEEODa/xeAhqOmtim60Ay5iR5JTKJRZ9CpEv2HuHKzwa50Wtti1sBb1Xg==",
      "cpu": [
        "x64"
      ],
      "dev": true,
      "libc": [
        "glibc"
      ],
      "license": "MIT",
      "optional": true,
      "os": [
        "linux"
      ],
      "engines": {
        "node": ">=18"
      }
    },
    "node_modules/@j178/prek-linux-x64-musl": {
      "version": "0.3.11",
      "resolved": "https://registry.npmjs.org/@j178/prek-linux-x64-musl/-/prek-linux-x64-musl-0.3.11.tgz",
      "integrity": "sha512-b3RDD2qLcCWu3rBSV7u8U1xWKRGm1VUX4n0RSiHv6lIkNnRazKoHHybR85So35TmdbX/Tuzg7FsO/X6A+Glc2w==",
      "cpu": [
        "x64"
      ],
      "dev": true,
      "libc": [
        "musl"
      ],
      "license": "MIT",
      "optional": true,
      "os": [
        "linux"
      ],
      "engines": {
        "node": ">=18"
      }
    },
    "node_modules/@j178/prek-win32-arm64-msvc": {
      "version": "0.3.11",
      "resolved": "https://registry.npmjs.org/@j178/prek-win32-arm64-msvc/-/prek-win32-arm64-msvc-0.3.11.tgz",
      "integrity": "sha512-BvEYe57E8+tdDLczjYR3q4Ne67bU2uwoAVtK5za2WnpqOtCUExdBNZzjOHXUO8XGbUCuLKacL011ReJimW69Jw==",
      "cpu": [
        "arm64"
      ],
      "dev": true,
      "license": "MIT",
      "optional": true,
      "os": [
        "win32"
      ],
      "engines": {
        "node": ">=18"
      }
    },
    "node_modules/@j178/prek-win32-ia32-msvc": {
      "version": "0.3.11",
      "resolved": "https://registry.npmjs.org/@j178/prek-win32-ia32-msvc/-/prek-win32-ia32-msvc-0.3.11.tgz",
      "integrity": "sha512-CliNOKv6/Ktuzp4XGmDAcnEQQmDeV1CsoPMwGDBC/kAd9mByUO4ag591lQFWMMfvHlwQc/mJhXU+2D9QK/riRg==",
      "cpu": [
        "ia32"
      ],
      "dev": true,
      "license": "MIT",
      "optional": true,
      "os": [
        "win32"
      ],
      "engines": {
        "node": ">=18"
      }
    },
    "node_modules/@j178/prek-win32-x64-msvc": {
      "version": "0.3.11",
      "resolved": "https://registry.npmjs.org/@j178/prek-win32-x64-msvc/-/prek-win32-x64-msvc-0.3.11.tgz",
      "integrity": "sha512-4uih+Xg2Zj2iR8nfAn0hqJXlaztG7UQrZ/CzcUfIrVNd+sIvgvo+KcpPC6rZflZ15ipwm3zmQhU0l+seh4u6Eg==",
      "cpu": [
        "x64"
      ],
      "dev": true,
      "license": "MIT",
      "optional": true,
      "os": [
        "win32"
      ],
      "engines": {
        "node": ">=18"
      }
    },
    "node_modules/prettier": {
      "version": "3.8.3",
      "resolved": "https://registry.npmjs.org/prettier/-/prettier-3.8.3.tgz",
      "integrity": "sha512-7igPTM53cGHMW8xWuVTydi2KO233VFiTNyF5hLJqpilHfmn8C8gPf+PS7dUT64YcXFbiMGZxS9pCSxL/Dxm/Jw==",
      "dev": true,
      "license": "MIT",
      "bin": {
        "prettier": "bin/prettier.cjs"
      },
      "engines": {
        "node": ">=14"
      },
      "funding": {
        "url": "https://github.com/prettier/prettier?sponsor=1"
      }
    }
  }
}
